<?xml version="1.0" encoding="UTF-8"?>
<Project ToolsVersion="14.0" xmlns="http://schemas.microsoft.com/developer/msbuild/2003">
  <ItemGroup>
    <ClCompile Include="E:\rendering-volume-from-vti-vtk\RenderingVolumeFromVTI.cpp">
      <Filter>Source Files</Filter>
    </ClCompile>
  </ItemGroup>
  <ItemGroup>
    <CustomBuild Include="E:\rendering-volume-from-vti-vtk\CMakeLists.txt" />
  </ItemGroup>
  <ItemGroup>
    <Filter Include="Source Files">
      <UniqueIdentifier>{9662A641-5FAD-3109-83B9-CEF6E758E29D}</UniqueIdentifier>
    </Filter>
  </ItemGroup>
</Project>
