<?xml version="1.0" encoding="UTF-8"?>
<Project ToolsVersion="14.0" xmlns="http://schemas.microsoft.com/developer/msbuild/2003">
  <ItemGroup>
    <CustomBuild Include="E:\rendering-volume-from-vti-vtk\buildVS15x86\CMakeFiles\25072bfd1c8b249de4fb205222acfe52\generate.stamp.rule">
      <Filter>CMake Rules</Filter>
    </CustomBuild>
  </ItemGroup>
  <ItemGroup>
    <Filter Include="CMake Rules">
      <UniqueIdentifier>{BF32CF7E-7320-32CE-A403-DEF15E4C15E2}</UniqueIdentifier>
    </Filter>
  </ItemGroup>
</Project>
